github.com/mattn/go-sqlite3 v1.14.4 h1:4rQjbDxdu9fSgI/r3KN72G3c2goxknAqHHgPWWs8UlI=
github.com/mattn/go-sqlite3 v1.14.4/go.mod h1:WVKg1VTActs4Qso6iwGbiFih2UIHo0ENGwNd0Lj+XmI=
golang.org/x/text v0.0.0-20170915032832-14c0d48ead0c h1:qgOY6WgZOaTkIIMiVjBQcw93ERBE4m30iBm00nkL0i8=
golang.org/x/text v0.0.0-20170915032832-14c0d48ead0c/go.mod h1:NqM8EUOU14njkJ3fqMW+pc6Ldnwhi/IjpwHt7yyuwOQ=
